
Microsoft Visual Studio Solution File, Format Version 12.00
# Visual Studio 2012
Project("{FAE04EC0-301F-11D3-BF4B-00C04F79EFBC}") = "Services", "Services\Services.csproj", "{05A22DFF-FBF3-4EB2-BA78-DD3D27F1290D}"
EndProject
Project("{FAE04EC0-301F-11D3-BF4B-00C04F79EFBC}") = "Infraestructure", "Infraestructure\Infraestructure.csproj", "{51680DB2-E4AC-46FE-A5C6-3E53C0C0949A}"
EndProject
Project("{FAE04EC0-301F-11D3-BF4B-00C04F79EFBC}") = "Domain", "Domain\Domain.csproj", "{67363746-2808-4B3A-AC0B-8A061A3F7D7C}"
EndProject
Project("{2150E333-8FDC-42A3-9474-1A3956D46DE8}") = "01-Web", "01-Web", "{5D494C52-A7A6-47A0-91D3-8D6E4C9B62B9}"
EndProject
Project("{2150E333-8FDC-42A3-9474-1A3956D46DE8}") = "02-Services", "02-Services", "{03C132E0-D19D-4FED-B517-B8F3760BB04C}"
EndProject
Project("{2150E333-8FDC-42A3-9474-1A3956D46DE8}") = "04-Domain", "04-Domain", "{9783D802-287F-4C0A-B12B-4DC484DA18E5}"
EndProject
Project("{2150E333-8FDC-42A3-9474-1A3956D46DE8}") = "03-Infraestructure", "03-Infraestructure", "{B5D89551-9E29-43B8-9EBA-4BA3C0BC9D42}"
EndProject
Project("{FAE04EC0-301F-11D3-BF4B-00C04F79EFBC}") = "SilverGuacamole", "SilverGuacamole\SilverGuacamole.csproj", "{70BC63FB-E644-4567-A550-417779F6B6C6}"
EndProject
Project("{FAE04EC0-301F-11D3-BF4B-00C04F79EFBC}") = "SilverGuacamoleAPI", "SilverGuacamoleAPI\SilverGuacamoleAPI.csproj", "{5E69DCDF-2A27-4A61-BDD0-D7A42C45280C}"
EndProject
Project("{FAE04EC0-301F-11D3-BF4B-00C04F79EFBC}") = "SilverGuacamoleWF", "SilverGuacamoleWF\SilverGuacamoleWF.csproj", "{CF147614-F822-4CCC-B3EC-DDA92A3197AF}"
EndProject
Global
	GlobalSection(SolutionConfigurationPlatforms) = preSolution
		Debug|Any CPU = Debug|Any CPU
		Release|Any CPU = Release|Any CPU
	EndGlobalSection
	GlobalSection(ProjectConfigurationPlatforms) = postSolution
		{05A22DFF-FBF3-4EB2-BA78-DD3D27F1290D}.Debug|Any CPU.ActiveCfg = Debug|Any CPU
		{05A22DFF-FBF3-4EB2-BA78-DD3D27F1290D}.Debug|Any CPU.Build.0 = Debug|Any CPU
		{05A22DFF-FBF3-4EB2-BA78-DD3D27F1290D}.Release|Any CPU.ActiveCfg = Release|Any CPU
		{05A22DFF-FBF3-4EB2-BA78-DD3D27F1290D}.Release|Any CPU.Build.0 = Release|Any CPU
		{51680DB2-E4AC-46FE-A5C6-3E53C0C0949A}.Debug|Any CPU.ActiveCfg = Debug|Any CPU
		{51680DB2-E4AC-46FE-A5C6-3E53C0C0949A}.Debug|Any CPU.Build.0 = Debug|Any CPU
		{51680DB2-E4AC-46FE-A5C6-3E53C0C0949A}.Release|Any CPU.ActiveCfg = Release|Any CPU
		{51680DB2-E4AC-46FE-A5C6-3E53C0C0949A}.Release|Any CPU.Build.0 = Release|Any CPU
		{67363746-2808-4B3A-AC0B-8A061A3F7D7C}.Debug|Any CPU.ActiveCfg = Debug|Any CPU
		{67363746-2808-4B3A-AC0B-8A061A3F7D7C}.Debug|Any CPU.Build.0 = Debug|Any CPU
		{67363746-2808-4B3A-AC0B-8A061A3F7D7C}.Release|Any CPU.ActiveCfg = Release|Any CPU
		{67363746-2808-4B3A-AC0B-8A061A3F7D7C}.Release|Any CPU.Build.0 = Release|Any CPU
		{70BC63FB-E644-4567-A550-417779F6B6C6}.Debug|Any CPU.ActiveCfg = Debug|Any CPU
		{70BC63FB-E644-4567-A550-417779F6B6C6}.Debug|Any CPU.Build.0 = Debug|Any CPU
		{70BC63FB-E644-4567-A550-417779F6B6C6}.Release|Any CPU.ActiveCfg = Release|Any CPU
		{70BC63FB-E644-4567-A550-417779F6B6C6}.Release|Any CPU.Build.0 = Release|Any CPU
		{5E69DCDF-2A27-4A61-BDD0-D7A42C45280C}.Debug|Any CPU.ActiveCfg = Debug|Any CPU
		{5E69DCDF-2A27-4A61-BDD0-D7A42C45280C}.Debug|Any CPU.Build.0 = Debug|Any CPU
		{5E69DCDF-2A27-4A61-BDD0-D7A42C45280C}.Release|Any CPU.ActiveCfg = Release|Any CPU
		{5E69DCDF-2A27-4A61-BDD0-D7A42C45280C}.Release|Any CPU.Build.0 = Release|Any CPU
		{CF147614-F822-4CCC-B3EC-DDA92A3197AF}.Debug|Any CPU.ActiveCfg = Debug|Any CPU
		{CF147614-F822-4CCC-B3EC-DDA92A3197AF}.Debug|Any CPU.Build.0 = Debug|Any CPU
		{CF147614-F822-4CCC-B3EC-DDA92A3197AF}.Release|Any CPU.ActiveCfg = Release|Any CPU
		{CF147614-F822-4CCC-B3EC-DDA92A3197AF}.Release|Any CPU.Build.0 = Release|Any CPU
	EndGlobalSection
	GlobalSection(SolutionProperties) = preSolution
		HideSolutionNode = FALSE
	EndGlobalSection
	GlobalSection(NestedProjects) = preSolution
		{05A22DFF-FBF3-4EB2-BA78-DD3D27F1290D} = {03C132E0-D19D-4FED-B517-B8F3760BB04C}
		{51680DB2-E4AC-46FE-A5C6-3E53C0C0949A} = {B5D89551-9E29-43B8-9EBA-4BA3C0BC9D42}
		{67363746-2808-4B3A-AC0B-8A061A3F7D7C} = {9783D802-287F-4C0A-B12B-4DC484DA18E5}
		{70BC63FB-E644-4567-A550-417779F6B6C6} = {5D494C52-A7A6-47A0-91D3-8D6E4C9B62B9}
		{5E69DCDF-2A27-4A61-BDD0-D7A42C45280C} = {5D494C52-A7A6-47A0-91D3-8D6E4C9B62B9}
		{CF147614-F822-4CCC-B3EC-DDA92A3197AF} = {5D494C52-A7A6-47A0-91D3-8D6E4C9B62B9}
	EndGlobalSection
EndGlobal
